
Microsoft Visual Studio Solution File, Format Version 12.00
# Visual Studio Version 17
VisualStudioVersion = 17.11.35327.3
MinimumVisualStudioVersion = 10.0.40219.1
Project("{FAE04EC0-301F-11D3-BF4B-00C04F79EFBC}") = "WinUtil2", "WinUtil2\WinUtil2.csproj", "{90EBCD97-0BBD-4C45-8B8E-AA64B44C57B8}"
EndProject
Global
	GlobalSection(SolutionConfigurationPlatforms) = preSolution
		Debug|Any CPU = Debug|Any CPU
		Release|Any CPU = Release|Any CPU
	EndGlobalSection
	GlobalSection(ProjectConfigurationPlatforms) = postSolution
		{90EBCD97-0BBD-4C45-8B8E-AA64B44C57B8}.Debug|Any CPU.ActiveCfg = Debug|Any CPU
		{90EBCD97-0BBD-4C45-8B8E-AA64B44C57B8}.Debug|Any CPU.Build.0 = Debug|Any CPU
		{90EBCD97-0BBD-4C45-8B8E-AA64B44C57B8}.Release|Any CPU.ActiveCfg = Release|Any CPU
		{90EBCD97-0BBD-4C45-8B8E-AA64B44C57B8}.Release|Any CPU.Build.0 = Release|Any CPU
	EndGlobalSection
	GlobalSection(SolutionProperties) = preSolution
		HideSolutionNode = FALSE
	EndGlobalSection
	GlobalSection(ExtensibilityGlobals) = postSolution
		SolutionGuid = {A0520970-444F-4B56-99CE-F256F44B745D}
	EndGlobalSection
EndGlobal
